
Microsoft Visual Studio Solution File, Format Version 12.00
Project("{FAE04EC0-301F-11D3-BF4B-00C04F79EFBC}") = "Producer", "Producer\Producer.csproj", "{32AD3FA1-8FD3-442C-95F9-E1CCE21764E9}"
EndProject
Project("{FAE04EC0-301F-11D3-BF4B-00C04F79EFBC}") = "Consumer", "Consumer\Consumer.csproj", "{266C33B8-72AB-412D-B640-45B4B80ECBC2}"
EndProject
Global
	GlobalSection(SolutionConfigurationPlatforms) = preSolution
		Debug|Any CPU = Debug|Any CPU
		Release|Any CPU = Release|Any CPU
	EndGlobalSection
	GlobalSection(ProjectConfigurationPlatforms) = postSolution
		{32AD3FA1-8FD3-442C-95F9-E1CCE21764E9}.Debug|Any CPU.ActiveCfg = Debug|Any CPU
		{32AD3FA1-8FD3-442C-95F9-E1CCE21764E9}.Debug|Any CPU.Build.0 = Debug|Any CPU
		{32AD3FA1-8FD3-442C-95F9-E1CCE21764E9}.Release|Any CPU.ActiveCfg = Release|Any CPU
		{32AD3FA1-8FD3-442C-95F9-E1CCE21764E9}.Release|Any CPU.Build.0 = Release|Any CPU
		{266C33B8-72AB-412D-B640-45B4B80ECBC2}.Debug|Any CPU.ActiveCfg = Debug|Any CPU
		{266C33B8-72AB-412D-B640-45B4B80ECBC2}.Debug|Any CPU.Build.0 = Debug|Any CPU
		{266C33B8-72AB-412D-B640-45B4B80ECBC2}.Release|Any CPU.ActiveCfg = Release|Any CPU
		{266C33B8-72AB-412D-B640-45B4B80ECBC2}.Release|Any CPU.Build.0 = Release|Any CPU
	EndGlobalSection
EndGlobal
